
Microsoft Visual Studio Solution File, Format Version 12.00
# Visual Studio 15
Project("{FAE04EC0-301F-11D3-BF4B-00C04F79EFBC}") = "Assembly-CSharp", "Assembly-CSharp.csproj", "{140F5380-801F-8BCE-A5F3-D86A89149F62}"
EndProject
Global
	GlobalSection(SolutionConfigurationPlatforms) = preSolution
		Debug|Any CPU = Debug|Any CPU
		Release|Any CPU = Release|Any CPU
	EndGlobalSection
	GlobalSection(ProjectConfigurationPlatforms) = postSolution
		{140F5380-801F-8BCE-A5F3-D86A89149F62}.Debug|Any CPU.ActiveCfg = Debug|Any CPU
		{140F5380-801F-8BCE-A5F3-D86A89149F62}.Debug|Any CPU.Build.0 = Debug|Any CPU
		{140F5380-801F-8BCE-A5F3-D86A89149F62}.Release|Any CPU.ActiveCfg = Release|Any CPU
		{140F5380-801F-8BCE-A5F3-D86A89149F62}.Release|Any CPU.Build.0 = Release|Any CPU
	EndGlobalSection
	GlobalSection(SolutionProperties) = preSolution
		HideSolutionNode = FALSE
	EndGlobalSection
EndGlobal
